
Microsoft Visual Studio Solution File, Format Version 12.00
# Visual Studio Version 16
VisualStudioVersion = 16.0.31005.135
MinimumVisualStudioVersion = 10.0.40219.1
Project("{FAE04EC0-301F-11D3-BF4B-00C04F79EFBC}") = "Simple LRU Cache", "Simple LRU Cache.csproj", "{242A4049-E19B-414C-BEAD-A0EF1A466C06}"
EndProject
Global
	GlobalSection(SolutionConfigurationPlatforms) = preSolution
		Debug|Any CPU = Debug|Any CPU
		Release|Any CPU = Release|Any CPU
	EndGlobalSection
	GlobalSection(ProjectConfigurationPlatforms) = postSolution
		{242A4049-E19B-414C-BEAD-A0EF1A466C06}.Debug|Any CPU.ActiveCfg = Debug|Any CPU
		{242A4049-E19B-414C-BEAD-A0EF1A466C06}.Debug|Any CPU.Build.0 = Debug|Any CPU
		{242A4049-E19B-414C-BEAD-A0EF1A466C06}.Release|Any CPU.ActiveCfg = Release|Any CPU
		{242A4049-E19B-414C-BEAD-A0EF1A466C06}.Release|Any CPU.Build.0 = Release|Any CPU
	EndGlobalSection
	GlobalSection(SolutionProperties) = preSolution
		HideSolutionNode = FALSE
	EndGlobalSection
	GlobalSection(ExtensibilityGlobals) = postSolution
		SolutionGuid = {853B273D-8E71-4113-8AF4-3C01E7E5055E}
	EndGlobalSection
EndGlobal
